{
  "nodes": {
    "agda": {
      "inputs": {
        "flake-utils": [
          "flake-utils"
        ],
        "nixpkgs": [
          "nixpkgs"
        ]
      },
      "locked": {
        "lastModified": 1628847445,
        "narHash": "sha256-GpAAIB4Do1EEq+pkyeEWiFjWESLnNx1Vee07JE4yC9k=",
        "owner": "agda",
        "repo": "agda",
        "rev": "4dee747be7aa6cf3947213862e1da9b710b2e40b",
        "type": "github"
      },
      "original": {
        "owner": "agda",
        "repo": "agda",
        "rev": "4dee747be7aa6cf3947213862e1da9b710b2e40b",
        "type": "github"
      }
    },
    "darwin": {
      "inputs": {
        "nixpkgs": [
          "nixpkgs"
        ]
      },
      "locked": {
        "lastModified": 1647173930,
        "narHash": "sha256-8oca3Pc68VrCp8HeOtHmzs5g0rdQnPO9beDEEZJ02W0=",
        "owner": "LnL7",
        "repo": "nix-darwin",
        "rev": "17fbc68a6110edbff67e55f7450230a697ecb17e",
        "type": "github"
      },
      "original": {
        "owner": "LnL7",
        "ref": "master",
        "repo": "nix-darwin",
        "type": "github"
      }
    },
    "devshell": {
      "inputs": {
        "flake-utils": "flake-utils",
        "nixpkgs": "nixpkgs"
      },
      "locked": {
        "lastModified": 1647507059,
        "narHash": "sha256-1JyNnvQh1X7YhSyau1oNSv4WaTIIe/nUZYNffFzAO/g=",
        "owner": "numtide",
        "repo": "devshell",
        "rev": "f1c3e65d20f14870fa51d762e9e54c816fe356ef",
        "type": "github"
      },
      "original": {
        "owner": "numtide",
        "repo": "devshell",
        "type": "github"
      }
    },
    "devshell_2": {
      "locked": {
        "lastModified": 1625086391,
        "narHash": "sha256-IpNPv1v8s4L3CoxhwcgZIitGpcrnNgnj09X7TA0QV3k=",
        "owner": "numtide",
        "repo": "devshell",
        "rev": "4b5ac7cf7d9a1cc60b965bb51b59922f2210cbc7",
        "type": "github"
      },
      "original": {
        "owner": "numtide",
        "ref": "master",
        "repo": "devshell",
        "type": "github"
      }
    },
    "devshell_3": {
      "locked": {
        "lastModified": 1625086391,
        "narHash": "sha256-IpNPv1v8s4L3CoxhwcgZIitGpcrnNgnj09X7TA0QV3k=",
        "owner": "numtide",
        "repo": "devshell",
        "rev": "4b5ac7cf7d9a1cc60b965bb51b59922f2210cbc7",
        "type": "github"
      },
      "original": {
        "owner": "numtide",
        "ref": "master",
        "repo": "devshell",
        "type": "github"
      }
    },
    "emacs": {
      "locked": {
        "lastModified": 1647681480,
        "narHash": "sha256-GV2KwgCt9Vj9cCCeo4/zkn9n8CclS0UZQO/Jm5UkQQM=",
        "owner": "nix-community",
        "repo": "emacs-overlay",
        "rev": "a287f3f59cc52cb67b8976c686ebd22619cd2fc6",
        "type": "github"
      },
      "original": {
        "owner": "nix-community",
        "repo": "emacs-overlay",
        "type": "github"
      }
    },
    "emacs-src": {
      "flake": false,
      "locked": {
        "lastModified": 1643777815,
        "narHash": "sha256-UvjHZJG9mKlgPOQWExqCuRcWF2zC7ZJmvntVGi2PIBM=",
        "owner": "emacs-mirror",
        "repo": "emacs",
        "rev": "d4c2f5b524a262934cbfac5b7a4e9affb2628a00",
        "type": "github"
      },
      "original": {
        "owner": "emacs-mirror",
        "repo": "emacs",
        "type": "github"
      }
    },
    "emacs-vterm-src": {
      "flake": false,
      "locked": {
        "lastModified": 1640506671,
        "narHash": "sha256-uSzIDmRNk7u5VtCXYu+JVN7Gzkc65axCiK0Jq0X6MWQ=",
        "owner": "akermu",
        "repo": "emacs-libvterm",
        "rev": "a940dd2ee8a82684860e320c0f6d5e15d31d916f",
        "type": "github"
      },
      "original": {
        "owner": "akermu",
        "repo": "emacs-libvterm",
        "type": "github"
      }
    },
    "flake-compat": {
      "flake": false,
      "locked": {
        "lastModified": 1641205782,
        "narHash": "sha256-4jY7RCWUoZ9cKD8co0/4tFARpWB+57+r1bLLvXNJliY=",
        "owner": "edolstra",
        "repo": "flake-compat",
        "rev": "b7547d3eed6f32d06102ead8991ec52ab0a4f1a7",
        "type": "github"
      },
      "original": {
        "owner": "edolstra",
        "repo": "flake-compat",
        "type": "github"
      }
    },
    "flake-utils": {
      "locked": {
        "lastModified": 1642700792,
        "narHash": "sha256-XqHrk7hFb+zBvRg6Ghl+AZDq03ov6OshJLiSWOoX5es=",
        "owner": "numtide",
        "repo": "flake-utils",
        "rev": "846b2ae0fc4cc943637d3d1def4454213e203cba",
        "type": "github"
      },
      "original": {
        "owner": "numtide",
        "repo": "flake-utils",
        "type": "github"
      }
    },
    "flake-utils_2": {
      "locked": {
        "lastModified": 1644229661,
        "narHash": "sha256-1YdnJAsNy69bpcjuoKdOYQX0YxZBiCYZo4Twxerqv7k=",
        "owner": "numtide",
        "repo": "flake-utils",
        "rev": "3cecb5b042f7f209c56ffd8371b2711a290ec797",
        "type": "github"
      },
      "original": {
        "owner": "numtide",
        "repo": "flake-utils",
        "type": "github"
      }
    },
    "flake-utils_3": {
      "locked": {
        "lastModified": 1623875721,
        "narHash": "sha256-A8BU7bjS5GirpAUv4QA+QnJ4CceLHkcXdRp4xITDB0s=",
        "owner": "numtide",
        "repo": "flake-utils",
        "rev": "f7e004a55b120c02ecb6219596820fcd32ca8772",
        "type": "github"
      },
      "original": {
        "owner": "numtide",
        "ref": "master",
        "repo": "flake-utils",
        "type": "github"
      }
    },
    "flake-utils_4": {
      "locked": {
        "lastModified": 1623875721,
        "narHash": "sha256-A8BU7bjS5GirpAUv4QA+QnJ4CceLHkcXdRp4xITDB0s=",
        "owner": "numtide",
        "repo": "flake-utils",
        "rev": "f7e004a55b120c02ecb6219596820fcd32ca8772",
        "type": "github"
      },
      "original": {
        "owner": "numtide",
        "ref": "master",
        "repo": "flake-utils",
        "type": "github"
      }
    },
    "home-manager": {
      "inputs": {
        "nixpkgs": [
          "nixpkgs"
        ]
      },
      "locked": {
        "lastModified": 1647644064,
        "narHash": "sha256-RdZl1uIZslc8ViQwBJAJbkKpJN8J3y/U4xjZuLyFaMY=",
        "owner": "nix-community",
        "repo": "home-manager",
        "rev": "7cf15b19a931b99f9a918887fc488d577fd07516",
        "type": "github"
      },
      "original": {
        "owner": "nix-community",
        "ref": "master",
        "repo": "home-manager",
        "type": "github"
      }
    },
    "mac-emacs": {
      "inputs": {
        "emacs-src": "emacs-src",
        "emacs-vterm-src": "emacs-vterm-src",
        "nixpkgs": "nixpkgs_2"
      },
      "locked": {
        "lastModified": 1647707892,
        "narHash": "sha256-/cnGHKRA2Rp3EEDRLFwSDcldcknhhJemdKaKlr8Gx24=",
        "owner": "yuanwang-wf",
        "repo": "emacs",
        "rev": "e63903d33af59803dce62242f0c18936e451f162",
        "type": "github"
      },
      "original": {
        "owner": "yuanwang-wf",
        "ref": "trunk",
        "repo": "emacs",
        "type": "github"
      }
    },
    "nix-script": {
      "inputs": {
        "flake-compat": "flake-compat",
        "nixpkgs": [
          "nixpkgs"
        ],
        "utils": "utils"
      },
      "locked": {
        "lastModified": 1646315804,
        "narHash": "sha256-FRGfDLIV0UDD4AIwd3p7EY6tRJWVRXlXayLpVBNwCaI=",
        "owner": "BrianHicks",
        "repo": "nix-script",
        "rev": "726bd302f9902cbd29a3c787ecd4e472e71eb744",
        "type": "github"
      },
      "original": {
        "owner": "BrianHicks",
        "repo": "nix-script",
        "type": "github"
      }
    },
    "nixpkgs": {
      "locked": {
        "lastModified": 1643381941,
        "narHash": "sha256-pHTwvnN4tTsEKkWlXQ8JMY423epos8wUOhthpwJjtpc=",
        "owner": "NixOS",
        "repo": "nixpkgs",
        "rev": "5efc8ca954272c4376ac929f4c5ffefcc20551d5",
        "type": "github"
      },
      "original": {
        "owner": "NixOS",
        "ref": "nixpkgs-unstable",
        "repo": "nixpkgs",
        "type": "github"
      }
    },
    "nixpkgs_2": {
      "locked": {
        "lastModified": 1643472818,
        "narHash": "sha256-qzVPxKDUubYIxKRSuDl/JgzXWSmGvUVYny9SxFMfPJM=",
        "owner": "nixos",
        "repo": "nixpkgs",
        "rev": "7f65e4abd5ecaad12d2d26e4380d1a7d8edafea7",
        "type": "github"
      },
      "original": {
        "owner": "nixos",
        "ref": "nixpkgs-unstable",
        "repo": "nixpkgs",
        "type": "github"
      }
    },
    "nixpkgs_3": {
      "locked": {
        "lastModified": 1647350163,
        "narHash": "sha256-OcMI+PFEHTONthXuEQNddt16Ml7qGvanL3x8QOl2Aao=",
        "owner": "nixos",
        "repo": "nixpkgs",
        "rev": "3eb07eeafb52bcbf02ce800f032f18d666a9498d",
        "type": "github"
      },
      "original": {
        "owner": "nixos",
        "ref": "nixpkgs-unstable",
        "repo": "nixpkgs",
        "type": "github"
      }
    },
    "nixpkgs_4": {
      "locked": {
        "lastModified": 1625256291,
        "narHash": "sha256-Ke/Z0SCVVY/KSfA7+rjh9oMy8MgKr1T1AHIKpHK6ODY=",
        "owner": "nixos",
        "repo": "nixpkgs",
        "rev": "c40d0126f85b4b38bbcee0812366de9e0948c4ec",
        "type": "github"
      },
      "original": {
        "owner": "nixos",
        "ref": "nixpkgs-unstable",
        "repo": "nixpkgs",
        "type": "github"
      }
    },
    "nixpkgs_5": {
      "locked": {
        "lastModified": 1638097282,
        "narHash": "sha256-EXCzj9b8X/lqDPJapxZThIOKL5ASbpsJZ+8L1LnY1ig=",
        "owner": "NixOS",
        "repo": "nixpkgs",
        "rev": "78cb77b29d37a9663e05b61abb4fa09465da4b70",
        "type": "github"
      },
      "original": {
        "owner": "NixOS",
        "ref": "nixpkgs-unstable",
        "repo": "nixpkgs",
        "type": "github"
      }
    },
    "nixpkgs_6": {
      "locked": {
        "lastModified": 1625256291,
        "narHash": "sha256-Ke/Z0SCVVY/KSfA7+rjh9oMy8MgKr1T1AHIKpHK6ODY=",
        "owner": "nixos",
        "repo": "nixpkgs",
        "rev": "c40d0126f85b4b38bbcee0812366de9e0948c4ec",
        "type": "github"
      },
      "original": {
        "owner": "nixos",
        "ref": "nixpkgs-unstable",
        "repo": "nixpkgs",
        "type": "github"
      }
    },
    "nur": {
      "locked": {
        "lastModified": 1647695915,
        "narHash": "sha256-/uQdgroWvtCK4GuKyT9K5Xg+izvIOKH2/wovmk0BFjg=",
        "owner": "nix-community",
        "repo": "NUR",
        "rev": "76f33d6bfdfd5cd30ce5fbbaa6849f4fa50b4d20",
        "type": "github"
      },
      "original": {
        "owner": "nix-community",
        "repo": "NUR",
        "type": "github"
      }
    },
    "resource-id": {
      "inputs": {
        "devshell": "devshell_2",
        "flake-utils": "flake-utils_3",
        "nixpkgs": "nixpkgs_4"
      },
      "locked": {
        "lastModified": 1628346796,
        "narHash": "sha256-WZ4hfTIgy1bJIaYj5f4fKNfNGqwmcdQqHZczFKpHM1Y=",
        "owner": "yuanwang-wf",
        "repo": "resource-id",
        "rev": "804b78cff16061e86bd6acaced90f303e3b20ad2",
        "type": "github"
      },
      "original": {
        "owner": "yuanwang-wf",
        "repo": "resource-id",
        "type": "github"
      }
    },
    "root": {
      "inputs": {
        "agda": "agda",
        "darwin": "darwin",
        "devshell": "devshell",
        "emacs": "emacs",
        "flake-utils": "flake-utils_2",
        "home-manager": "home-manager",
        "mac-emacs": "mac-emacs",
        "nix-script": "nix-script",
        "nixpkgs": "nixpkgs_3",
        "nur": "nur",
        "resource-id": "resource-id",
        "sops-nix": "sops-nix",
        "ws-access-token": "ws-access-token"
      }
    },
    "sops-nix": {
      "inputs": {
        "nixpkgs": "nixpkgs_5"
      },
      "locked": {
        "lastModified": 1647279403,
        "narHash": "sha256-ZsHfMah9+TElcjaENsaOIFHBNNtSbXmyLFVbiJiAECs=",
        "owner": "Mic92",
        "repo": "sops-nix",
        "rev": "c01f48b055ac776f9831c9d4a0fff83e3b74dbe3",
        "type": "github"
      },
      "original": {
        "owner": "Mic92",
        "repo": "sops-nix",
        "type": "github"
      }
    },
    "utils": {
      "locked": {
        "lastModified": 1642700792,
        "narHash": "sha256-XqHrk7hFb+zBvRg6Ghl+AZDq03ov6OshJLiSWOoX5es=",
        "owner": "numtide",
        "repo": "flake-utils",
        "rev": "846b2ae0fc4cc943637d3d1def4454213e203cba",
        "type": "github"
      },
      "original": {
        "owner": "numtide",
        "repo": "flake-utils",
        "type": "github"
      }
    },
    "ws-access-token": {
      "inputs": {
        "devshell": "devshell_3",
        "flake-utils": "flake-utils_4",
        "nixpkgs": "nixpkgs_6"
      },
      "locked": {
        "lastModified": 1628345585,
        "narHash": "sha256-5IgH1oe5qTGeeTGWVTAyK/rfWmixWUZwY2N+bYP2VTk=",
        "owner": "yuanwang-wf",
        "repo": "ws-access-token",
        "rev": "4ddcf6c4cfd9d1242424123f1334bd5b7c792c0c",
        "type": "github"
      },
      "original": {
        "owner": "yuanwang-wf",
        "repo": "ws-access-token",
        "type": "github"
      }
    }
  },
  "root": "root",
  "version": 7
}
