{
  "nodes": {
    "darwin": {
      "inputs": {
        "nixpkgs": [
          "nixpkgs"
        ]
      },
      "locked": {
        "lastModified": 1661154924,
        "narHash": "sha256-zwkShc4VZ9feLeIrWjdm6YkZBoobzXETF5xIIgi++Ec=",
        "owner": "LnL7",
        "repo": "nix-darwin",
        "rev": "5af1aa51f63d734284bf6728a21d2c9c31eb7492",
        "type": "github"
      },
      "original": {
        "owner": "LnL7",
        "ref": "master",
        "repo": "nix-darwin",
        "type": "github"
      }
    },
    "devshell": {
      "inputs": {
        "flake-utils": "flake-utils",
        "nixpkgs": "nixpkgs"
      },
      "locked": {
        "lastModified": 1660811669,
        "narHash": "sha256-V6lmsaLNFz41myppL0yxglta92ijkSvpZ+XVygAh+bU=",
        "owner": "numtide",
        "repo": "devshell",
        "rev": "c2feacb46ee69949124c835419861143c4016fb5",
        "type": "github"
      },
      "original": {
        "owner": "numtide",
        "repo": "devshell",
        "type": "github"
      }
    },
    "devshell_2": {
      "locked": {
        "lastModified": 1625086391,
        "narHash": "sha256-IpNPv1v8s4L3CoxhwcgZIitGpcrnNgnj09X7TA0QV3k=",
        "owner": "numtide",
        "repo": "devshell",
        "rev": "4b5ac7cf7d9a1cc60b965bb51b59922f2210cbc7",
        "type": "github"
      },
      "original": {
        "owner": "numtide",
        "ref": "master",
        "repo": "devshell",
        "type": "github"
      }
    },
    "devshell_3": {
      "locked": {
        "lastModified": 1625086391,
        "narHash": "sha256-IpNPv1v8s4L3CoxhwcgZIitGpcrnNgnj09X7TA0QV3k=",
        "owner": "numtide",
        "repo": "devshell",
        "rev": "4b5ac7cf7d9a1cc60b965bb51b59922f2210cbc7",
        "type": "github"
      },
      "original": {
        "owner": "numtide",
        "ref": "master",
        "repo": "devshell",
        "type": "github"
      }
    },
    "emacs": {
      "inputs": {
        "flake-utils": "flake-utils_2",
        "nixpkgs": "nixpkgs_2"
      },
      "locked": {
        "lastModified": 1661195877,
        "narHash": "sha256-yWCEloPk7ZsZ8YQ9qjDh0fXEjQbqIdDcVL/EwyB4j3o=",
        "owner": "nix-community",
        "repo": "emacs-overlay",
        "rev": "f274dc1c9c898f140755c5d8061b21cff1219445",
        "type": "github"
      },
      "original": {
        "owner": "nix-community",
        "repo": "emacs-overlay",
        "type": "github"
      }
    },
    "emacs-src": {
      "flake": false,
      "locked": {
        "lastModified": 1661124548,
        "narHash": "sha256-8gLTka43itEHc4PP23wa+Ei7D+/4Qnwa0UQJKQbF88M=",
        "owner": "emacs-mirror",
        "repo": "emacs",
        "rev": "15d628f1960ba71912cc9c3e8deaded77b953ccb",
        "type": "github"
      },
      "original": {
        "owner": "emacs-mirror",
        "repo": "emacs",
        "type": "github"
      }
    },
    "emacs-vterm-src": {
      "flake": false,
      "locked": {
        "lastModified": 1661011352,
        "narHash": "sha256-EWxNhDa4f9vHV+7crj2Jx7+ZitWW76Ott2v6tzRtuQ8=",
        "owner": "akermu",
        "repo": "emacs-libvterm",
        "rev": "52ae56f0b2d40403938a226e4df95a0f433306cc",
        "type": "github"
      },
      "original": {
        "owner": "akermu",
        "repo": "emacs-libvterm",
        "type": "github"
      }
    },
    "flake-utils": {
      "locked": {
        "lastModified": 1642700792,
        "narHash": "sha256-XqHrk7hFb+zBvRg6Ghl+AZDq03ov6OshJLiSWOoX5es=",
        "owner": "numtide",
        "repo": "flake-utils",
        "rev": "846b2ae0fc4cc943637d3d1def4454213e203cba",
        "type": "github"
      },
      "original": {
        "owner": "numtide",
        "repo": "flake-utils",
        "type": "github"
      }
    },
    "flake-utils_2": {
      "locked": {
        "lastModified": 1659877975,
        "narHash": "sha256-zllb8aq3YO3h8B/U0/J1WBgAL8EX5yWf5pMj3G0NAmc=",
        "owner": "numtide",
        "repo": "flake-utils",
        "rev": "c0e246b9b83f637f4681389ecabcb2681b4f3af0",
        "type": "github"
      },
      "original": {
        "owner": "numtide",
        "repo": "flake-utils",
        "type": "github"
      }
    },
    "flake-utils_3": {
      "locked": {
        "lastModified": 1659877975,
        "narHash": "sha256-zllb8aq3YO3h8B/U0/J1WBgAL8EX5yWf5pMj3G0NAmc=",
        "owner": "numtide",
        "repo": "flake-utils",
        "rev": "c0e246b9b83f637f4681389ecabcb2681b4f3af0",
        "type": "github"
      },
      "original": {
        "owner": "numtide",
        "repo": "flake-utils",
        "type": "github"
      }
    },
    "flake-utils_4": {
      "locked": {
        "lastModified": 1623875721,
        "narHash": "sha256-A8BU7bjS5GirpAUv4QA+QnJ4CceLHkcXdRp4xITDB0s=",
        "owner": "numtide",
        "repo": "flake-utils",
        "rev": "f7e004a55b120c02ecb6219596820fcd32ca8772",
        "type": "github"
      },
      "original": {
        "owner": "numtide",
        "ref": "master",
        "repo": "flake-utils",
        "type": "github"
      }
    },
    "flake-utils_5": {
      "locked": {
        "lastModified": 1623875721,
        "narHash": "sha256-A8BU7bjS5GirpAUv4QA+QnJ4CceLHkcXdRp4xITDB0s=",
        "owner": "numtide",
        "repo": "flake-utils",
        "rev": "f7e004a55b120c02ecb6219596820fcd32ca8772",
        "type": "github"
      },
      "original": {
        "owner": "numtide",
        "ref": "master",
        "repo": "flake-utils",
        "type": "github"
      }
    },
    "home-manager": {
      "inputs": {
        "nixpkgs": [
          "nixpkgs"
        ],
        "utils": "utils"
      },
      "locked": {
        "lastModified": 1660574517,
        "narHash": "sha256-Lp5D2pAPrM3iAc1eeR0iGwz5rM+SYOWzVxI3p17nlrU=",
        "owner": "nix-community",
        "repo": "home-manager",
        "rev": "688e5c85b7537f308b82167c8eb4ecfb70a49861",
        "type": "github"
      },
      "original": {
        "owner": "nix-community",
        "ref": "master",
        "repo": "home-manager",
        "type": "github"
      }
    },
    "mac-emacs": {
      "inputs": {
        "emacs-src": "emacs-src",
        "emacs-vterm-src": "emacs-vterm-src",
        "nixpkgs": "nixpkgs_3"
      },
      "locked": {
        "lastModified": 1661133521,
        "narHash": "sha256-9hPVWRWq8EvfpQjh7TA2A3j+zI6H7TWOHRLfHZWiR9U=",
        "owner": "cmacrae",
        "repo": "emacs",
        "rev": "212782d96608b757f5b942fc604447ea274f6c5a",
        "type": "github"
      },
      "original": {
        "owner": "cmacrae",
        "repo": "emacs",
        "type": "github"
      }
    },
    "nixpkgs": {
      "locked": {
        "lastModified": 1643381941,
        "narHash": "sha256-pHTwvnN4tTsEKkWlXQ8JMY423epos8wUOhthpwJjtpc=",
        "owner": "NixOS",
        "repo": "nixpkgs",
        "rev": "5efc8ca954272c4376ac929f4c5ffefcc20551d5",
        "type": "github"
      },
      "original": {
        "owner": "NixOS",
        "ref": "nixpkgs-unstable",
        "repo": "nixpkgs",
        "type": "github"
      }
    },
    "nixpkgs_2": {
      "locked": {
        "lastModified": 1661151577,
        "narHash": "sha256-++S0TuJtuz9IpqP8rKktWyHZKpgdyrzDFUXVY07MTRI=",
        "owner": "NixOS",
        "repo": "nixpkgs",
        "rev": "54060e816971276da05970a983487a25810c38a7",
        "type": "github"
      },
      "original": {
        "id": "nixpkgs",
        "type": "indirect"
      }
    },
    "nixpkgs_3": {
      "locked": {
        "lastModified": 1661089880,
        "narHash": "sha256-A+JmSLoBdJsmJEBfzzwhzQyL3B6aE+mCrVi4pEtXQtg=",
        "owner": "nixos",
        "repo": "nixpkgs",
        "rev": "520040da1eeb8558cd79bd4f0555866fcff2cced",
        "type": "github"
      },
      "original": {
        "owner": "nixos",
        "ref": "nixpkgs-unstable",
        "repo": "nixpkgs",
        "type": "github"
      }
    },
    "nixpkgs_4": {
      "locked": {
        "lastModified": 1661088761,
        "narHash": "sha256-5DGKX81wIPAAiLwUmUYECpA3vop94AHHR7WmGXSsQok=",
        "owner": "nixos",
        "repo": "nixpkgs",
        "rev": "a7855f2235a1876f97473a76151fec2afa02b287",
        "type": "github"
      },
      "original": {
        "owner": "nixos",
        "ref": "nixos-unstable",
        "repo": "nixpkgs",
        "type": "github"
      }
    },
    "nixpkgs_5": {
      "locked": {
        "lastModified": 1625256291,
        "narHash": "sha256-Ke/Z0SCVVY/KSfA7+rjh9oMy8MgKr1T1AHIKpHK6ODY=",
        "owner": "nixos",
        "repo": "nixpkgs",
        "rev": "c40d0126f85b4b38bbcee0812366de9e0948c4ec",
        "type": "github"
      },
      "original": {
        "owner": "nixos",
        "ref": "nixpkgs-unstable",
        "repo": "nixpkgs",
        "type": "github"
      }
    },
    "nixpkgs_6": {
      "locked": {
        "lastModified": 1625256291,
        "narHash": "sha256-Ke/Z0SCVVY/KSfA7+rjh9oMy8MgKr1T1AHIKpHK6ODY=",
        "owner": "nixos",
        "repo": "nixpkgs",
        "rev": "c40d0126f85b4b38bbcee0812366de9e0948c4ec",
        "type": "github"
      },
      "original": {
        "owner": "nixos",
        "ref": "nixpkgs-unstable",
        "repo": "nixpkgs",
        "type": "github"
      }
    },
    "nur": {
      "locked": {
        "lastModified": 1661192802,
        "narHash": "sha256-BSHgQVn7anHOLx5iEmymLCy1thrZGhx4/7sebxscYZY=",
        "owner": "nix-community",
        "repo": "NUR",
        "rev": "cf5a1867f45dcea24da04cb3ad8873bfd7941aa1",
        "type": "github"
      },
      "original": {
        "owner": "nix-community",
        "repo": "NUR",
        "type": "github"
      }
    },
    "resource-id": {
      "inputs": {
        "devshell": "devshell_2",
        "flake-utils": "flake-utils_4",
        "nixpkgs": "nixpkgs_5"
      },
      "locked": {
        "lastModified": 1628346796,
        "narHash": "sha256-WZ4hfTIgy1bJIaYj5f4fKNfNGqwmcdQqHZczFKpHM1Y=",
        "owner": "yuanwang-wf",
        "repo": "resource-id",
        "rev": "804b78cff16061e86bd6acaced90f303e3b20ad2",
        "type": "github"
      },
      "original": {
        "owner": "yuanwang-wf",
        "repo": "resource-id",
        "type": "github"
      }
    },
    "root": {
      "inputs": {
        "darwin": "darwin",
        "devshell": "devshell",
        "emacs": "emacs",
        "flake-utils": "flake-utils_3",
        "home-manager": "home-manager",
        "mac-emacs": "mac-emacs",
        "nixpkgs": "nixpkgs_4",
        "nur": "nur",
        "resource-id": "resource-id",
        "ws-access-token": "ws-access-token"
      }
    },
    "utils": {
      "locked": {
        "lastModified": 1653893745,
        "narHash": "sha256-0jntwV3Z8//YwuOjzhV2sgJJPt+HY6KhU7VZUL0fKZQ=",
        "owner": "numtide",
        "repo": "flake-utils",
        "rev": "1ed9fb1935d260de5fe1c2f7ee0ebaae17ed2fa1",
        "type": "github"
      },
      "original": {
        "owner": "numtide",
        "repo": "flake-utils",
        "type": "github"
      }
    },
    "ws-access-token": {
      "inputs": {
        "devshell": "devshell_3",
        "flake-utils": "flake-utils_5",
        "nixpkgs": "nixpkgs_6"
      },
      "locked": {
        "lastModified": 1628345585,
        "narHash": "sha256-5IgH1oe5qTGeeTGWVTAyK/rfWmixWUZwY2N+bYP2VTk=",
        "owner": "yuanwang-wf",
        "repo": "ws-access-token",
        "rev": "4ddcf6c4cfd9d1242424123f1334bd5b7c792c0c",
        "type": "github"
      },
      "original": {
        "owner": "yuanwang-wf",
        "repo": "ws-access-token",
        "type": "github"
      }
    }
  },
  "root": "root",
  "version": 7
}
