{
  "nodes": {
    "agda": {
      "inputs": {
        "flake-utils": [
          "flake-utils"
        ],
        "nixpkgs": [
          "nixpkgs"
        ]
      },
      "locked": {
        "lastModified": 1628847445,
        "narHash": "sha256-GpAAIB4Do1EEq+pkyeEWiFjWESLnNx1Vee07JE4yC9k=",
        "owner": "agda",
        "repo": "agda",
        "rev": "4dee747be7aa6cf3947213862e1da9b710b2e40b",
        "type": "github"
      },
      "original": {
        "owner": "agda",
        "repo": "agda",
        "rev": "4dee747be7aa6cf3947213862e1da9b710b2e40b",
        "type": "github"
      }
    },
    "darwin": {
      "inputs": {
        "nixpkgs": [
          "nixpkgs"
        ]
      },
      "locked": {
        "lastModified": 1650399173,
        "narHash": "sha256-YYJDu6CxLGIrjnH6uAmPxqRmrgrqPhXNZHpZoqw3q5k=",
        "owner": "LnL7",
        "repo": "nix-darwin",
        "rev": "2979028c51ba0ad7e2062dbdc1674be0f71092fc",
        "type": "github"
      },
      "original": {
        "owner": "LnL7",
        "ref": "master",
        "repo": "nix-darwin",
        "type": "github"
      }
    },
    "devshell": {
      "inputs": {
        "flake-utils": "flake-utils",
        "nixpkgs": "nixpkgs"
      },
      "locked": {
        "lastModified": 1650389807,
        "narHash": "sha256-GFRBdHMJ/T/ifaE2GS58RWpxyufH0LqI3oGS6oWAnHk=",
        "owner": "numtide",
        "repo": "devshell",
        "rev": "5a53bbf3eb4c908d83884d725a86b3a3bde35979",
        "type": "github"
      },
      "original": {
        "owner": "numtide",
        "repo": "devshell",
        "type": "github"
      }
    },
    "devshell_2": {
      "locked": {
        "lastModified": 1625086391,
        "narHash": "sha256-IpNPv1v8s4L3CoxhwcgZIitGpcrnNgnj09X7TA0QV3k=",
        "owner": "numtide",
        "repo": "devshell",
        "rev": "4b5ac7cf7d9a1cc60b965bb51b59922f2210cbc7",
        "type": "github"
      },
      "original": {
        "owner": "numtide",
        "ref": "master",
        "repo": "devshell",
        "type": "github"
      }
    },
    "devshell_3": {
      "locked": {
        "lastModified": 1625086391,
        "narHash": "sha256-IpNPv1v8s4L3CoxhwcgZIitGpcrnNgnj09X7TA0QV3k=",
        "owner": "numtide",
        "repo": "devshell",
        "rev": "4b5ac7cf7d9a1cc60b965bb51b59922f2210cbc7",
        "type": "github"
      },
      "original": {
        "owner": "numtide",
        "ref": "master",
        "repo": "devshell",
        "type": "github"
      }
    },
    "emacs": {
      "locked": {
        "lastModified": 1650709546,
        "narHash": "sha256-3RGDsUVqXQxOTPcWor9Hc8xT6qiZMKdfVrQrz9cLxqA=",
        "owner": "nix-community",
        "repo": "emacs-overlay",
        "rev": "9e103bfabd3e1adbfc4e5aab8d12b8fe70d78885",
        "type": "github"
      },
      "original": {
        "owner": "nix-community",
        "repo": "emacs-overlay",
        "type": "github"
      }
    },
    "emacs-src": {
      "flake": false,
      "locked": {
        "lastModified": 1650654691,
        "narHash": "sha256-pPRF5mpO7iv7ocEe9rTA2t8mnBD11WwHoKTkNog5D+g=",
        "owner": "emacs-mirror",
        "repo": "emacs",
        "rev": "0b9b363dabd70032a288e14333896022caa2d252",
        "type": "github"
      },
      "original": {
        "owner": "emacs-mirror",
        "repo": "emacs",
        "type": "github"
      }
    },
    "emacs-vterm-src": {
      "flake": false,
      "locked": {
        "lastModified": 1650555337,
        "narHash": "sha256-sl9cFSpAZ5d8MFaR5XTzLl4k++YIK6r7iU+sB6OMMsg=",
        "owner": "akermu",
        "repo": "emacs-libvterm",
        "rev": "8d7c8c593f528646bd3304e64f4ec47d52c40aec",
        "type": "github"
      },
      "original": {
        "owner": "akermu",
        "repo": "emacs-libvterm",
        "type": "github"
      }
    },
    "flake-compat": {
      "flake": false,
      "locked": {
        "lastModified": 1641205782,
        "narHash": "sha256-4jY7RCWUoZ9cKD8co0/4tFARpWB+57+r1bLLvXNJliY=",
        "owner": "edolstra",
        "repo": "flake-compat",
        "rev": "b7547d3eed6f32d06102ead8991ec52ab0a4f1a7",
        "type": "github"
      },
      "original": {
        "owner": "edolstra",
        "repo": "flake-compat",
        "type": "github"
      }
    },
    "flake-utils": {
      "locked": {
        "lastModified": 1642700792,
        "narHash": "sha256-XqHrk7hFb+zBvRg6Ghl+AZDq03ov6OshJLiSWOoX5es=",
        "owner": "numtide",
        "repo": "flake-utils",
        "rev": "846b2ae0fc4cc943637d3d1def4454213e203cba",
        "type": "github"
      },
      "original": {
        "owner": "numtide",
        "repo": "flake-utils",
        "type": "github"
      }
    },
    "flake-utils_2": {
      "locked": {
        "lastModified": 1649676176,
        "narHash": "sha256-OWKJratjt2RW151VUlJPRALb7OU2S5s+f0vLj4o1bHM=",
        "owner": "numtide",
        "repo": "flake-utils",
        "rev": "a4b154ebbdc88c8498a5c7b01589addc9e9cb678",
        "type": "github"
      },
      "original": {
        "owner": "numtide",
        "repo": "flake-utils",
        "type": "github"
      }
    },
    "flake-utils_3": {
      "locked": {
        "lastModified": 1623875721,
        "narHash": "sha256-A8BU7bjS5GirpAUv4QA+QnJ4CceLHkcXdRp4xITDB0s=",
        "owner": "numtide",
        "repo": "flake-utils",
        "rev": "f7e004a55b120c02ecb6219596820fcd32ca8772",
        "type": "github"
      },
      "original": {
        "owner": "numtide",
        "ref": "master",
        "repo": "flake-utils",
        "type": "github"
      }
    },
    "flake-utils_4": {
      "locked": {
        "lastModified": 1623875721,
        "narHash": "sha256-A8BU7bjS5GirpAUv4QA+QnJ4CceLHkcXdRp4xITDB0s=",
        "owner": "numtide",
        "repo": "flake-utils",
        "rev": "f7e004a55b120c02ecb6219596820fcd32ca8772",
        "type": "github"
      },
      "original": {
        "owner": "numtide",
        "ref": "master",
        "repo": "flake-utils",
        "type": "github"
      }
    },
    "home-manager": {
      "inputs": {
        "nixpkgs": [
          "nixpkgs"
        ]
      },
      "locked": {
        "lastModified": 1650478719,
        "narHash": "sha256-308c2cM4hW9AW6dSQ080ycXGyEJGkG/OwOINkYL9Mnw=",
        "owner": "nix-community",
        "repo": "home-manager",
        "rev": "93a69d07389311ffd6ce1f4d01836bbc2faec644",
        "type": "github"
      },
      "original": {
        "owner": "nix-community",
        "ref": "master",
        "repo": "home-manager",
        "type": "github"
      }
    },
    "mac-emacs": {
      "inputs": {
        "emacs-src": "emacs-src",
        "emacs-vterm-src": "emacs-vterm-src",
        "nixpkgs": "nixpkgs_2"
      },
      "locked": {
        "lastModified": 1650679753,
        "narHash": "sha256-5osgIa51Xrtr3uom/EUzGVQRJogOt4fMV+ozh+YI5Z0=",
        "owner": "cmacrae",
        "repo": "emacs",
        "rev": "fce858363894810eeaa4d5ad8fa6384b880acf8a",
        "type": "github"
      },
      "original": {
        "owner": "cmacrae",
        "repo": "emacs",
        "type": "github"
      }
    },
    "nix-script": {
      "inputs": {
        "flake-compat": "flake-compat",
        "nixpkgs": [
          "nixpkgs"
        ],
        "utils": "utils"
      },
      "locked": {
        "lastModified": 1649066780,
        "narHash": "sha256-07z/wvU3R2wffkt0aEFmRmArLMUHEWd1khx8BYWb710=",
        "owner": "BrianHicks",
        "repo": "nix-script",
        "rev": "c116eee9626d01a23656c7e6a9f51b7c7f61014e",
        "type": "github"
      },
      "original": {
        "owner": "BrianHicks",
        "repo": "nix-script",
        "type": "github"
      }
    },
    "nixpkgs": {
      "locked": {
        "lastModified": 1643381941,
        "narHash": "sha256-pHTwvnN4tTsEKkWlXQ8JMY423epos8wUOhthpwJjtpc=",
        "owner": "NixOS",
        "repo": "nixpkgs",
        "rev": "5efc8ca954272c4376ac929f4c5ffefcc20551d5",
        "type": "github"
      },
      "original": {
        "owner": "NixOS",
        "ref": "nixpkgs-unstable",
        "repo": "nixpkgs",
        "type": "github"
      }
    },
    "nixpkgs_2": {
      "locked": {
        "lastModified": 1650647760,
        "narHash": "sha256-Ng8CGYLSTxeI+oEux0x+tSRA6K7ydoyfJNQf56ld+Uo=",
        "owner": "nixos",
        "repo": "nixpkgs",
        "rev": "b80f570a92d04e8ace67ff09c34aa48708a5c88c",
        "type": "github"
      },
      "original": {
        "owner": "nixos",
        "ref": "nixpkgs-unstable",
        "repo": "nixpkgs",
        "type": "github"
      }
    },
    "nixpkgs_3": {
      "locked": {
        "lastModified": 1650647760,
        "narHash": "sha256-Ng8CGYLSTxeI+oEux0x+tSRA6K7ydoyfJNQf56ld+Uo=",
        "owner": "nixos",
        "repo": "nixpkgs",
        "rev": "b80f570a92d04e8ace67ff09c34aa48708a5c88c",
        "type": "github"
      },
      "original": {
        "owner": "nixos",
        "ref": "nixpkgs-unstable",
        "repo": "nixpkgs",
        "type": "github"
      }
    },
    "nixpkgs_4": {
      "locked": {
        "lastModified": 1625256291,
        "narHash": "sha256-Ke/Z0SCVVY/KSfA7+rjh9oMy8MgKr1T1AHIKpHK6ODY=",
        "owner": "nixos",
        "repo": "nixpkgs",
        "rev": "c40d0126f85b4b38bbcee0812366de9e0948c4ec",
        "type": "github"
      },
      "original": {
        "owner": "nixos",
        "ref": "nixpkgs-unstable",
        "repo": "nixpkgs",
        "type": "github"
      }
    },
    "nixpkgs_5": {
      "locked": {
        "lastModified": 1638097282,
        "narHash": "sha256-EXCzj9b8X/lqDPJapxZThIOKL5ASbpsJZ+8L1LnY1ig=",
        "owner": "NixOS",
        "repo": "nixpkgs",
        "rev": "78cb77b29d37a9663e05b61abb4fa09465da4b70",
        "type": "github"
      },
      "original": {
        "owner": "NixOS",
        "ref": "nixpkgs-unstable",
        "repo": "nixpkgs",
        "type": "github"
      }
    },
    "nixpkgs_6": {
      "locked": {
        "lastModified": 1625256291,
        "narHash": "sha256-Ke/Z0SCVVY/KSfA7+rjh9oMy8MgKr1T1AHIKpHK6ODY=",
        "owner": "nixos",
        "repo": "nixpkgs",
        "rev": "c40d0126f85b4b38bbcee0812366de9e0948c4ec",
        "type": "github"
      },
      "original": {
        "owner": "nixos",
        "ref": "nixpkgs-unstable",
        "repo": "nixpkgs",
        "type": "github"
      }
    },
    "nur": {
      "locked": {
        "lastModified": 1650712914,
        "narHash": "sha256-+33AFZ0hlU9OLSJVlKgpYj9+CJqTjJ3f8WidBnQ7Wj4=",
        "owner": "nix-community",
        "repo": "NUR",
        "rev": "f0c47c63e6773688228fd38630b93c8effd9bd33",
        "type": "github"
      },
      "original": {
        "owner": "nix-community",
        "repo": "NUR",
        "type": "github"
      }
    },
    "resource-id": {
      "inputs": {
        "devshell": "devshell_2",
        "flake-utils": "flake-utils_3",
        "nixpkgs": "nixpkgs_4"
      },
      "locked": {
        "lastModified": 1628346796,
        "narHash": "sha256-WZ4hfTIgy1bJIaYj5f4fKNfNGqwmcdQqHZczFKpHM1Y=",
        "owner": "yuanwang-wf",
        "repo": "resource-id",
        "rev": "804b78cff16061e86bd6acaced90f303e3b20ad2",
        "type": "github"
      },
      "original": {
        "owner": "yuanwang-wf",
        "repo": "resource-id",
        "type": "github"
      }
    },
    "root": {
      "inputs": {
        "agda": "agda",
        "darwin": "darwin",
        "devshell": "devshell",
        "emacs": "emacs",
        "flake-utils": "flake-utils_2",
        "home-manager": "home-manager",
        "mac-emacs": "mac-emacs",
        "nix-script": "nix-script",
        "nixpkgs": "nixpkgs_3",
        "nur": "nur",
        "resource-id": "resource-id",
        "sops-nix": "sops-nix",
        "ws-access-token": "ws-access-token"
      }
    },
    "sops-nix": {
      "inputs": {
        "nixpkgs": "nixpkgs_5"
      },
      "locked": {
        "lastModified": 1649756291,
        "narHash": "sha256-KTll8bCINAzIUGaaMrbn9wb5nfhkXRLgmFrWGR/Dku0=",
        "owner": "Mic92",
        "repo": "sops-nix",
        "rev": "c2614c4fe61943b3d280ac1892fcebe6e8eaf8c8",
        "type": "github"
      },
      "original": {
        "owner": "Mic92",
        "repo": "sops-nix",
        "type": "github"
      }
    },
    "utils": {
      "locked": {
        "lastModified": 1642700792,
        "narHash": "sha256-XqHrk7hFb+zBvRg6Ghl+AZDq03ov6OshJLiSWOoX5es=",
        "owner": "numtide",
        "repo": "flake-utils",
        "rev": "846b2ae0fc4cc943637d3d1def4454213e203cba",
        "type": "github"
      },
      "original": {
        "owner": "numtide",
        "repo": "flake-utils",
        "type": "github"
      }
    },
    "ws-access-token": {
      "inputs": {
        "devshell": "devshell_3",
        "flake-utils": "flake-utils_4",
        "nixpkgs": "nixpkgs_6"
      },
      "locked": {
        "lastModified": 1628345585,
        "narHash": "sha256-5IgH1oe5qTGeeTGWVTAyK/rfWmixWUZwY2N+bYP2VTk=",
        "owner": "yuanwang-wf",
        "repo": "ws-access-token",
        "rev": "4ddcf6c4cfd9d1242424123f1334bd5b7c792c0c",
        "type": "github"
      },
      "original": {
        "owner": "yuanwang-wf",
        "repo": "ws-access-token",
        "type": "github"
      }
    }
  },
  "root": "root",
  "version": 7
}
